
Microsoft Visual Studio Solution File, Format Version 12.00
# Visual Studio Version 16
VisualStudioVersion = 16.0.33328.57
MinimumVisualStudioVersion = 10.0.40219.1
Project("{FAE04EC0-301F-11D3-BF4B-00C04F79EFBC}") = "CalculoMediaNota", "CalculoMediaNota\CalculoMediaNota.csproj", "{0C751859-F036-4254-B82E-87AD76CA7CDA}"
EndProject
Global
	GlobalSection(SolutionConfigurationPlatforms) = preSolution
		Debug|Any CPU = Debug|Any CPU
		Release|Any CPU = Release|Any CPU
	EndGlobalSection
	GlobalSection(ProjectConfigurationPlatforms) = postSolution
		{0C751859-F036-4254-B82E-87AD76CA7CDA}.Debug|Any CPU.ActiveCfg = Debug|Any CPU
		{0C751859-F036-4254-B82E-87AD76CA7CDA}.Debug|Any CPU.Build.0 = Debug|Any CPU
		{0C751859-F036-4254-B82E-87AD76CA7CDA}.Release|Any CPU.ActiveCfg = Release|Any CPU
		{0C751859-F036-4254-B82E-87AD76CA7CDA}.Release|Any CPU.Build.0 = Release|Any CPU
	EndGlobalSection
	GlobalSection(SolutionProperties) = preSolution
		HideSolutionNode = FALSE
	EndGlobalSection
	GlobalSection(ExtensibilityGlobals) = postSolution
		SolutionGuid = {E84DC322-13CB-43E3-9EB8-397FC2A557F0}
	EndGlobalSection
EndGlobal
